
Microsoft Visual Studio Solution File, Format Version 12.00
# Visual Studio 15
VisualStudioVersion = 15.0.27004.2005
MinimumVisualStudioVersion = 10.0.40219.1
Project("{FAE04EC0-301F-11D3-BF4B-00C04F79EFBC}") = "Game2048", "Game2048\Game2048.csproj", "{933C485F-326F-4521-99D4-F40138D51459}"
EndProject
Global
	GlobalSection(SolutionConfigurationPlatforms) = preSolution
		Debug|Any CPU = Debug|Any CPU
		Release|Any CPU = Release|Any CPU
	EndGlobalSection
	GlobalSection(ProjectConfigurationPlatforms) = postSolution
		{933C485F-326F-4521-99D4-F40138D51459}.Debug|Any CPU.ActiveCfg = Debug|Any CPU
		{933C485F-326F-4521-99D4-F40138D51459}.Debug|Any CPU.Build.0 = Debug|Any CPU
		{933C485F-326F-4521-99D4-F40138D51459}.Release|Any CPU.ActiveCfg = Release|Any CPU
		{933C485F-326F-4521-99D4-F40138D51459}.Release|Any CPU.Build.0 = Release|Any CPU
	EndGlobalSection
	GlobalSection(SolutionProperties) = preSolution
		HideSolutionNode = FALSE
	EndGlobalSection
	GlobalSection(ExtensibilityGlobals) = postSolution
		SolutionGuid = {8BD6A8EF-7486-42FB-8C93-F60A7F8B2B79}
	EndGlobalSection
EndGlobal
